
Microsoft Visual Studio Solution File, Format Version 12.00
# Visual Studio 2012
Project("{FAE04EC0-301F-11D3-BF4B-00C04F79EFBC}") = "XamariniOSSlider", "XamariniOSSlider\XamariniOSSlider.csproj", "{87C99522-3F0B-422A-B283-DA1910A7A1BE}"
EndProject
Global
	GlobalSection(SolutionConfigurationPlatforms) = preSolution
		Debug|iPhoneSimulator = Debug|iPhoneSimulator
		Release|iPhone = Release|iPhone
		Release|iPhoneSimulator = Release|iPhoneSimulator
		Debug|iPhone = Debug|iPhone
	EndGlobalSection
	GlobalSection(ProjectConfigurationPlatforms) = postSolution
		{87C99522-3F0B-422A-B283-DA1910A7A1BE}.Debug|iPhoneSimulator.ActiveCfg = Debug|iPhoneSimulator
		{87C99522-3F0B-422A-B283-DA1910A7A1BE}.Debug|iPhoneSimulator.Build.0 = Debug|iPhoneSimulator
		{87C99522-3F0B-422A-B283-DA1910A7A1BE}.Release|iPhone.ActiveCfg = Release|iPhone
		{87C99522-3F0B-422A-B283-DA1910A7A1BE}.Release|iPhone.Build.0 = Release|iPhone
		{87C99522-3F0B-422A-B283-DA1910A7A1BE}.Release|iPhoneSimulator.ActiveCfg = Release|iPhoneSimulator
		{87C99522-3F0B-422A-B283-DA1910A7A1BE}.Release|iPhoneSimulator.Build.0 = Release|iPhoneSimulator
		{87C99522-3F0B-422A-B283-DA1910A7A1BE}.Debug|iPhone.ActiveCfg = Debug|iPhone
		{87C99522-3F0B-422A-B283-DA1910A7A1BE}.Debug|iPhone.Build.0 = Debug|iPhone
	EndGlobalSection
EndGlobal
